// !$*UTF8*$!
{
	archiveVersion = 1;
	classes = {
	};
	objectVersion = 56;
	objects = {

/* Begin PBXBuildFile section */
		A10000001 /* EBankingApp.swift in Sources */ = {isa = PBXBuildFile; fileRef = B10000001 /* EBankingApp.swift */; };
		A10000002 /* Colors.swift in Sources */ = {isa = PBXBuildFile; fileRef = B10000002 /* Colors.swift */; };
		A10000003 /* Spacing.swift in Sources */ = {isa = PBXBuildFile; fileRef = B10000003 /* Spacing.swift */; };
		A10000004 /* Typography.swift in Sources */ = {isa = PBXBuildFile; fileRef = B10000004 /* Typography.swift */; };
		A10000005 /* Account.swift in Sources */ = {isa = PBXBuildFile; fileRef = B10000005 /* Account.swift */; };
		A10000006 /* Payment.swift in Sources */ = {isa = PBXBuildFile; fileRef = B10000006 /* Payment.swift */; };
		A10000007 /* Recipient.swift in Sources */ = {isa = PBXBuildFile; fileRef = B10000007 /* Recipient.swift */; };
		A10000008 /* ActionButtonsRow.swift in Sources */ = {isa = PBXBuildFile; fileRef = B10000008 /* ActionButtonsRow.swift */; };
		A10000009 /* BookingRow.swift in Sources */ = {isa = PBXBuildFile; fileRef = B10000009 /* BookingRow.swift */; };
		A10000010 /* ListItemRow.swift in Sources */ = {isa = PBXBuildFile; fileRef = B10000010 /* ListItemRow.swift */; };
		A10000011 /* ProductListItem.swift in Sources */ = {isa = PBXBuildFile; fileRef = B10000011 /* ProductListItem.swift */; };
		A10000012 /* SectionCard.swift in Sources */ = {isa = PBXBuildFile; fileRef = B10000012 /* SectionCard.swift */; };
		A10000013 /* MainTabView.swift in Sources */ = {isa = PBXBuildFile; fileRef = B10000013 /* MainTabView.swift */; };
		A10000014 /* OverviewView.swift in Sources */ = {isa = PBXBuildFile; fileRef = B10000014 /* OverviewView.swift */; };
		A10000015 /* AccountDetailView.swift in Sources */ = {isa = PBXBuildFile; fileRef = B10000015 /* AccountDetailView.swift */; };
		A10000016 /* PaymentsView.swift in Sources */ = {isa = PBXBuildFile; fileRef = B10000016 /* PaymentsView.swift */; };
		A10000017 /* PaymentFlowView.swift in Sources */ = {isa = PBXBuildFile; fileRef = B10000017 /* PaymentFlowView.swift */; };
		A10000018 /* RecipientStepView.swift in Sources */ = {isa = PBXBuildFile; fileRef = B10000018 /* RecipientStepView.swift */; };
		A10000019 /* AmountStepView.swift in Sources */ = {isa = PBXBuildFile; fileRef = B10000019 /* AmountStepView.swift */; };
		A10000020 /* ScheduleStepView.swift in Sources */ = {isa = PBXBuildFile; fileRef = B10000020 /* ScheduleStepView.swift */; };
		A10000021 /* SummaryStepView.swift in Sources */ = {isa = PBXBuildFile; fileRef = B10000021 /* SummaryStepView.swift */; };
		A10000022 /* ConfirmationView.swift in Sources */ = {isa = PBXBuildFile; fileRef = B10000022 /* ConfirmationView.swift */; };
		A10000023 /* ShowAllButton.swift in Sources */ = {isa = PBXBuildFile; fileRef = B10000033 /* ShowAllButton.swift */; };
		A10000024 /* AccountCarousel.swift in Sources */ = {isa = PBXBuildFile; fileRef = B10000034 /* AccountCarousel.swift */; };
		A10000025 /* CustomNavBar.swift in Sources */ = {isa = PBXBuildFile; fileRef = B10000035 /* CustomNavBar.swift */; };
		A10000050 /* Theme.swift in Sources */ = {isa = PBXBuildFile; fileRef = B10000050 /* Theme.swift */; };
		A10000051 /* SegmentedControl.swift in Sources */ = {isa = PBXBuildFile; fileRef = B10000051 /* SegmentedControl.swift */; };
		A10000052 /* RecipientSearchStepView.swift in Sources */ = {isa = PBXBuildFile; fileRef = B10000052 /* RecipientSearchStepView.swift */; };
		A10000053 /* ProfileView.swift in Sources */ = {isa = PBXBuildFile; fileRef = B10000053 /* ProfileView.swift */; };
		A10000054 /* ColorOverride.swift in Sources */ = {isa = PBXBuildFile; fileRef = B10000054 /* ColorOverride.swift */; };
		A10000055 /* ColorThemeEditor.swift in Sources */ = {isa = PBXBuildFile; fileRef = B10000055 /* ColorThemeEditor.swift */; };
		A10000056 /* InternalTransfer.swift in Sources */ = {isa = PBXBuildFile; fileRef = B10000056 /* InternalTransfer.swift */; };
		A10000057 /* InternalTransferView.swift in Sources */ = {isa = PBXBuildFile; fileRef = B10000057 /* InternalTransferView.swift */; };
		A10000058 /* FieldStyles.swift in Sources */ = {isa = PBXBuildFile; fileRef = B10000058 /* FieldStyles.swift */; };
		A10000059 /* PickerSheets.swift in Sources */ = {isa = PBXBuildFile; fileRef = B10000059 /* PickerSheets.swift */; };
		A10000060 /* EdgeShadowScroll.swift in Sources */ = {isa = PBXBuildFile; fileRef = B10000060 /* EdgeShadowScroll.swift */; };
		A10000061 /* MoreActionsSheet.swift in Sources */ = {isa = PBXBuildFile; fileRef = B10000061 /* MoreActionsSheet.swift */; };
		A10000062 /* PaymentDetailView.swift in Sources */ = {isa = PBXBuildFile; fileRef = B10000062 /* PaymentDetailView.swift */; };
		A10000063 /* AccountInformationView.swift in Sources */ = {isa = PBXBuildFile; fileRef = B10000063 /* AccountInformationView.swift */; };
		A10000064 /* Investment.swift in Sources */ = {isa = PBXBuildFile; fileRef = B10000064 /* Investment.swift */; };
		A10000065 /* PerformanceChart.swift in Sources */ = {isa = PBXBuildFile; fileRef = B10000065 /* PerformanceChart.swift */; };
		A10000066 /* InvestmentProductDetailsView.swift in Sources */ = {isa = PBXBuildFile; fileRef = B10000066 /* InvestmentProductDetailsView.swift */; };
		A10000067 /* DetailsOfPositionView.swift in Sources */ = {isa = PBXBuildFile; fileRef = B10000067 /* DetailsOfPositionView.swift */; };
		A10000068 /* AllBookingsView.swift in Sources */ = {isa = PBXBuildFile; fileRef = B10000068 /* AllBookingsView.swift */; };
		A10000069 /* ShareInformationView.swift in Sources */ = {isa = PBXBuildFile; fileRef = B10000069 /* ShareInformationView.swift */; };
		A10000070 /* ScrollEdge.swift in Sources */ = {isa = PBXBuildFile; fileRef = B10000070 /* ScrollEdge.swift */; };
		A10000071 /* AllBookingsMonthMerge.swift in Sources */ = {isa = PBXBuildFile; fileRef = B10000071 /* AllBookingsMonthMerge.swift */; };
		A10000072 /* ForegroundScrimSheet.swift in Sources */ = {isa = PBXBuildFile; fileRef = B10000072 /* ForegroundScrimSheet.swift */; };
		A10000073 /* BasicDialog.swift in Sources */ = {isa = PBXBuildFile; fileRef = B10000073 /* BasicDialog.swift */; };
		A10000074 /* TabBarCoordinator.swift in Sources */ = {isa = PBXBuildFile; fileRef = B10000074 /* TabBarCoordinator.swift */; };
		A10000030 /* ProfilePro-Regular.otf in Resources */ = {isa = PBXBuildFile; fileRef = B10000030 /* ProfilePro-Regular.otf */; };
		A10000031 /* ProfilePro-Medium.otf in Resources */ = {isa = PBXBuildFile; fileRef = B10000031 /* ProfilePro-Medium.otf */; };
		A10000032 /* ProfilePro-Bold.otf in Resources */ = {isa = PBXBuildFile; fileRef = B10000032 /* ProfilePro-Bold.otf */; };
		A10000040 /* Assets.xcassets in Resources */ = {isa = PBXBuildFile; fileRef = B10000040 /* Assets.xcassets */; };
/* End PBXBuildFile section */

/* Begin PBXFileReference section */
		B10000040 /* Assets.xcassets */ = {isa = PBXFileReference; lastKnownFileType = folder.assetcatalog; path = "Assets/xcassets"; sourceTree = "<group>"; };
		B10000001 /* EBankingApp.swift */ = {isa = PBXFileReference; lastKnownFileType = sourcecode.swift; path = EBankingApp.swift; sourceTree = "<group>"; };
		B10000002 /* Colors.swift */ = {isa = PBXFileReference; lastKnownFileType = sourcecode.swift; path = Colors.swift; sourceTree = "<group>"; };
		B10000003 /* Spacing.swift */ = {isa = PBXFileReference; lastKnownFileType = sourcecode.swift; path = Spacing.swift; sourceTree = "<group>"; };
		B10000004 /* Typography.swift */ = {isa = PBXFileReference; lastKnownFileType = sourcecode.swift; path = Typography.swift; sourceTree = "<group>"; };
		B10000005 /* Account.swift */ = {isa = PBXFileReference; lastKnownFileType = sourcecode.swift; path = Account.swift; sourceTree = "<group>"; };
		B10000006 /* Payment.swift */ = {isa = PBXFileReference; lastKnownFileType = sourcecode.swift; path = Payment.swift; sourceTree = "<group>"; };
		B10000007 /* Recipient.swift */ = {isa = PBXFileReference; lastKnownFileType = sourcecode.swift; path = Recipient.swift; sourceTree = "<group>"; };
		B10000008 /* ActionButtonsRow.swift */ = {isa = PBXFileReference; lastKnownFileType = sourcecode.swift; path = ActionButtonsRow.swift; sourceTree = "<group>"; };
		B10000009 /* BookingRow.swift */ = {isa = PBXFileReference; lastKnownFileType = sourcecode.swift; path = BookingRow.swift; sourceTree = "<group>"; };
		B10000010 /* ListItemRow.swift */ = {isa = PBXFileReference; lastKnownFileType = sourcecode.swift; path = ListItemRow.swift; sourceTree = "<group>"; };
		B10000011 /* ProductListItem.swift */ = {isa = PBXFileReference; lastKnownFileType = sourcecode.swift; path = ProductListItem.swift; sourceTree = "<group>"; };
		B10000012 /* SectionCard.swift */ = {isa = PBXFileReference; lastKnownFileType = sourcecode.swift; path = SectionCard.swift; sourceTree = "<group>"; };
		B10000013 /* MainTabView.swift */ = {isa = PBXFileReference; lastKnownFileType = sourcecode.swift; path = MainTabView.swift; sourceTree = "<group>"; };
		B10000014 /* OverviewView.swift */ = {isa = PBXFileReference; lastKnownFileType = sourcecode.swift; path = OverviewView.swift; sourceTree = "<group>"; };
		B10000015 /* AccountDetailView.swift */ = {isa = PBXFileReference; lastKnownFileType = sourcecode.swift; path = AccountDetailView.swift; sourceTree = "<group>"; };
		B10000016 /* PaymentsView.swift */ = {isa = PBXFileReference; lastKnownFileType = sourcecode.swift; path = PaymentsView.swift; sourceTree = "<group>"; };
		B10000017 /* PaymentFlowView.swift */ = {isa = PBXFileReference; lastKnownFileType = sourcecode.swift; path = PaymentFlowView.swift; sourceTree = "<group>"; };
		B10000018 /* RecipientStepView.swift */ = {isa = PBXFileReference; lastKnownFileType = sourcecode.swift; path = RecipientStepView.swift; sourceTree = "<group>"; };
		B10000019 /* AmountStepView.swift */ = {isa = PBXFileReference; lastKnownFileType = sourcecode.swift; path = AmountStepView.swift; sourceTree = "<group>"; };
		B10000020 /* ScheduleStepView.swift */ = {isa = PBXFileReference; lastKnownFileType = sourcecode.swift; path = ScheduleStepView.swift; sourceTree = "<group>"; };
		B10000021 /* SummaryStepView.swift */ = {isa = PBXFileReference; lastKnownFileType = sourcecode.swift; path = SummaryStepView.swift; sourceTree = "<group>"; };
		B10000022 /* ConfirmationView.swift */ = {isa = PBXFileReference; lastKnownFileType = sourcecode.swift; path = ConfirmationView.swift; sourceTree = "<group>"; };
		B10000023 /* Info.plist */ = {isa = PBXFileReference; lastKnownFileType = text.plist.xml; path = Info.plist; sourceTree = "<group>"; };
		B10000030 /* ProfilePro-Regular.otf */ = {isa = PBXFileReference; lastKnownFileType = file; path = "ProfilePro-Regular.otf"; sourceTree = "<group>"; };
		B10000031 /* ProfilePro-Medium.otf */ = {isa = PBXFileReference; lastKnownFileType = file; path = "ProfilePro-Medium.otf"; sourceTree = "<group>"; };
		B10000032 /* ProfilePro-Bold.otf */ = {isa = PBXFileReference; lastKnownFileType = file; path = "ProfilePro-Bold.otf"; sourceTree = "<group>"; };
		B10000033 /* ShowAllButton.swift */ = {isa = PBXFileReference; lastKnownFileType = sourcecode.swift; path = ShowAllButton.swift; sourceTree = "<group>"; };
		B10000034 /* AccountCarousel.swift */ = {isa = PBXFileReference; lastKnownFileType = sourcecode.swift; path = AccountCarousel.swift; sourceTree = "<group>"; };
		B10000035 /* CustomNavBar.swift */ = {isa = PBXFileReference; lastKnownFileType = sourcecode.swift; path = CustomNavBar.swift; sourceTree = "<group>"; };
		B10000050 /* Theme.swift */ = {isa = PBXFileReference; lastKnownFileType = sourcecode.swift; path = Theme.swift; sourceTree = "<group>"; };
		B10000051 /* SegmentedControl.swift */ = {isa = PBXFileReference; lastKnownFileType = sourcecode.swift; path = SegmentedControl.swift; sourceTree = "<group>"; };
		B10000052 /* RecipientSearchStepView.swift */ = {isa = PBXFileReference; lastKnownFileType = sourcecode.swift; path = RecipientSearchStepView.swift; sourceTree = "<group>"; };
		B10000053 /* ProfileView.swift */ = {isa = PBXFileReference; lastKnownFileType = sourcecode.swift; path = ProfileView.swift; sourceTree = "<group>"; };
		B10000054 /* ColorOverride.swift */ = {isa = PBXFileReference; lastKnownFileType = sourcecode.swift; path = ColorOverride.swift; sourceTree = "<group>"; };
		B10000055 /* ColorThemeEditor.swift */ = {isa = PBXFileReference; lastKnownFileType = sourcecode.swift; path = ColorThemeEditor.swift; sourceTree = "<group>"; };
		B10000056 /* InternalTransfer.swift */ = {isa = PBXFileReference; lastKnownFileType = sourcecode.swift; path = InternalTransfer.swift; sourceTree = "<group>"; };
		B10000057 /* InternalTransferView.swift */ = {isa = PBXFileReference; lastKnownFileType = sourcecode.swift; path = InternalTransferView.swift; sourceTree = "<group>"; };
		B10000058 /* FieldStyles.swift */ = {isa = PBXFileReference; lastKnownFileType = sourcecode.swift; path = FieldStyles.swift; sourceTree = "<group>"; };
		B10000059 /* PickerSheets.swift */ = {isa = PBXFileReference; lastKnownFileType = sourcecode.swift; path = PickerSheets.swift; sourceTree = "<group>"; };
		B10000060 /* EdgeShadowScroll.swift */ = {isa = PBXFileReference; lastKnownFileType = sourcecode.swift; path = EdgeShadowScroll.swift; sourceTree = "<group>"; };
		B10000061 /* MoreActionsSheet.swift */ = {isa = PBXFileReference; lastKnownFileType = sourcecode.swift; path = MoreActionsSheet.swift; sourceTree = "<group>"; };
		B10000062 /* PaymentDetailView.swift */ = {isa = PBXFileReference; lastKnownFileType = sourcecode.swift; path = PaymentDetailView.swift; sourceTree = "<group>"; };
		B10000063 /* AccountInformationView.swift */ = {isa = PBXFileReference; lastKnownFileType = sourcecode.swift; path = AccountInformationView.swift; sourceTree = "<group>"; };
		B10000064 /* Investment.swift */ = {isa = PBXFileReference; lastKnownFileType = sourcecode.swift; path = Investment.swift; sourceTree = "<group>"; };
		B10000065 /* PerformanceChart.swift */ = {isa = PBXFileReference; lastKnownFileType = sourcecode.swift; path = PerformanceChart.swift; sourceTree = "<group>"; };
		B10000066 /* InvestmentProductDetailsView.swift */ = {isa = PBXFileReference; lastKnownFileType = sourcecode.swift; path = InvestmentProductDetailsView.swift; sourceTree = "<group>"; };
		B10000067 /* DetailsOfPositionView.swift */ = {isa = PBXFileReference; lastKnownFileType = sourcecode.swift; path = DetailsOfPositionView.swift; sourceTree = "<group>"; };
		B10000068 /* AllBookingsView.swift */ = {isa = PBXFileReference; lastKnownFileType = sourcecode.swift; path = AllBookingsView.swift; sourceTree = "<group>"; };
		B10000069 /* ShareInformationView.swift */ = {isa = PBXFileReference; lastKnownFileType = sourcecode.swift; path = ShareInformationView.swift; sourceTree = "<group>"; };
		B10000070 /* ScrollEdge.swift */ = {isa = PBXFileReference; lastKnownFileType = sourcecode.swift; path = ScrollEdge.swift; sourceTree = "<group>"; };
		B10000071 /* AllBookingsMonthMerge.swift */ = {isa = PBXFileReference; lastKnownFileType = sourcecode.swift; path = AllBookingsMonthMerge.swift; sourceTree = "<group>"; };
		B10000072 /* ForegroundScrimSheet.swift */ = {isa = PBXFileReference; lastKnownFileType = sourcecode.swift; path = ForegroundScrimSheet.swift; sourceTree = "<group>"; };
		B10000073 /* BasicDialog.swift */ = {isa = PBXFileReference; lastKnownFileType = sourcecode.swift; path = BasicDialog.swift; sourceTree = "<group>"; };
		B10000074 /* TabBarCoordinator.swift */ = {isa = PBXFileReference; lastKnownFileType = sourcecode.swift; path = TabBarCoordinator.swift; sourceTree = "<group>"; };
		C10000001 /* EBanking.app */ = {isa = PBXFileReference; explicitFileType = wrapper.application; includeInIndex = 0; path = EBanking.app; sourceTree = BUILT_PRODUCTS_DIR; };
/* End PBXFileReference section */

/* Begin PBXFrameworksBuildPhase section */
		D10000001 /* Frameworks */ = {
			isa = PBXFrameworksBuildPhase;
			buildActionMask = 2147483647;
			files = (
			);
			runOnlyForDeploymentPostprocessing = 0;
		};
/* End PBXFrameworksBuildPhase section */

/* Begin PBXGroup section */
		E10000001 = {
			isa = PBXGroup;
			children = (
				E10000002 /* EBanking */,
				E10000010 /* Products */,
			);
			sourceTree = "<group>";
		};
		E10000002 /* EBanking */ = {
			isa = PBXGroup;
			children = (
				B10000001 /* EBankingApp.swift */,
				B10000023 /* Info.plist */,
				E10000003 /* DesignSystem */,
				E10000004 /* Models */,
				E10000005 /* Components */,
				E10000006 /* Views */,
				E10000011 /* Fonts */,
				B10000040 /* Assets.xcassets */,
			);
			path = EBanking;
			sourceTree = "<group>";
		};
		E10000003 /* DesignSystem */ = {
			isa = PBXGroup;
			children = (
				B10000002 /* Colors.swift */,
				B10000003 /* Spacing.swift */,
				B10000004 /* Typography.swift */,
				B10000050 /* Theme.swift */,
				B10000054 /* ColorOverride.swift */,
			);
			path = DesignSystem;
			sourceTree = "<group>";
		};
		E10000004 /* Models */ = {
			isa = PBXGroup;
			children = (
				B10000005 /* Account.swift */,
				B10000006 /* Payment.swift */,
				B10000007 /* Recipient.swift */,
				B10000056 /* InternalTransfer.swift */,
				B10000064 /* Investment.swift */,
			);
			path = Models;
			sourceTree = "<group>";
		};
		E10000005 /* Components */ = {
			isa = PBXGroup;
			children = (
				B10000008 /* ActionButtonsRow.swift */,
				B10000034 /* AccountCarousel.swift */,
				B10000009 /* BookingRow.swift */,
				B10000010 /* ListItemRow.swift */,
				B10000011 /* ProductListItem.swift */,
				B10000012 /* SectionCard.swift */,
				B10000035 /* CustomNavBar.swift */,
				B10000033 /* ShowAllButton.swift */,
				B10000051 /* SegmentedControl.swift */,
				B10000058 /* FieldStyles.swift */,
				B10000059 /* PickerSheets.swift */,
				B10000060 /* EdgeShadowScroll.swift */,
				B10000071 /* AllBookingsMonthMerge.swift */,
				B10000072 /* ForegroundScrimSheet.swift */,
				B10000073 /* BasicDialog.swift */,
				B10000074 /* TabBarCoordinator.swift */,
				B10000070 /* ScrollEdge.swift */,
				B10000061 /* MoreActionsSheet.swift */,
				B10000065 /* PerformanceChart.swift */,
			);
			path = Components;
			sourceTree = "<group>";
		};
		E10000006 /* Views */ = {
			isa = PBXGroup;
			children = (
				B10000013 /* MainTabView.swift */,
				E10000007 /* Overview */,
				E10000008 /* Payments */,
				E10000020 /* Profile */,
				E10000021 /* Transfer */,
				E10000022 /* Investment */,
				E10000023 /* Bookings */,
				E10000009 /* PaymentFlow */,
			);
			path = Views;
			sourceTree = "<group>";
		};
		E10000007 /* Overview */ = {
			isa = PBXGroup;
			children = (
				B10000014 /* OverviewView.swift */,
				B10000015 /* AccountDetailView.swift */,
				B10000063 /* AccountInformationView.swift */,
				B10000069 /* ShareInformationView.swift */,
			);
			path = Overview;
			sourceTree = "<group>";
		};
		E10000022 /* Investment */ = {
			isa = PBXGroup;
			children = (
				B10000066 /* InvestmentProductDetailsView.swift */,
				B10000067 /* DetailsOfPositionView.swift */,
			);
			path = Investment;
			sourceTree = "<group>";
		};
		E10000023 /* Bookings */ = {
			isa = PBXGroup;
			children = (
				B10000068 /* AllBookingsView.swift */,
			);
			path = Bookings;
			sourceTree = "<group>";
		};
		E10000021 /* Transfer */ = {
			isa = PBXGroup;
			children = (
				B10000057 /* InternalTransferView.swift */,
			);
			path = Transfer;
			sourceTree = "<group>";
		};
		E10000020 /* Profile */ = {
			isa = PBXGroup;
			children = (
				B10000053 /* ProfileView.swift */,
				B10000055 /* ColorThemeEditor.swift */,
			);
			path = Profile;
			sourceTree = "<group>";
		};
		E10000008 /* Payments */ = {
			isa = PBXGroup;
			children = (
				B10000016 /* PaymentsView.swift */,
				B10000062 /* PaymentDetailView.swift */,
			);
			path = Payments;
			sourceTree = "<group>";
		};
		E10000009 /* PaymentFlow */ = {
			isa = PBXGroup;
			children = (
				B10000052 /* RecipientSearchStepView.swift */,
				B10000017 /* PaymentFlowView.swift */,
				B10000018 /* RecipientStepView.swift */,
				B10000019 /* AmountStepView.swift */,
				B10000020 /* ScheduleStepView.swift */,
				B10000021 /* SummaryStepView.swift */,
				B10000022 /* ConfirmationView.swift */,
			);
			path = PaymentFlow;
			sourceTree = "<group>";
		};
		E10000010 /* Products */ = {
			isa = PBXGroup;
			children = (
				C10000001 /* EBanking.app */,
			);
			name = Products;
			sourceTree = "<group>";
		};
		E10000011 /* Fonts */ = {
			isa = PBXGroup;
			children = (
				B10000030 /* ProfilePro-Regular.otf */,
				B10000031 /* ProfilePro-Medium.otf */,
				B10000032 /* ProfilePro-Bold.otf */,
			);
			path = Fonts;
			sourceTree = "<group>";
		};
/* End PBXGroup section */

/* Begin PBXNativeTarget section */
		F10000001 /* EBanking */ = {
			isa = PBXNativeTarget;
			buildConfigurationList = G10000003 /* Build configuration list for PBXNativeTarget "EBanking" */;
			buildPhases = (
				F10000002 /* Sources */,
				D10000001 /* Frameworks */,
				F10000003 /* Resources */,
			);
			buildRules = (
			);
			dependencies = (
			);
			name = EBanking;
			productName = EBanking;
			productReference = C10000001 /* EBanking.app */;
			productType = "com.apple.product-type.application";
		};
/* End PBXNativeTarget section */

/* Begin PBXProject section */
		F10000010 /* Project object */ = {
			isa = PBXProject;
			attributes = {
				BuildIndependentTargetsInParallel = 1;
				LastSwiftUpdateCheck = 1500;
				LastUpgradeCheck = 2610;
				TargetAttributes = {
					F10000001 = {
						CreatedOnToolsVersion = 15.0;
					};
				};
			};
			buildConfigurationList = G10000001 /* Build configuration list for PBXProject "EBanking" */;
			compatibilityVersion = "Xcode 14.0";
			developmentRegion = en;
			hasScannedForEncodings = 0;
			knownRegions = (
				en,
				Base,
			);
			mainGroup = E10000001;
			productRefGroup = E10000010 /* Products */;
			projectDirPath = "";
			projectRoot = "";
			targets = (
				F10000001 /* EBanking */,
			);
		};
/* End PBXProject section */

/* Begin PBXResourcesBuildPhase section */
		F10000003 /* Resources */ = {
			isa = PBXResourcesBuildPhase;
			buildActionMask = 2147483647;
			files = (
				A10000040 /* Assets.xcassets in Resources */,
				A10000030 /* ProfilePro-Regular.otf in Resources */,
				A10000031 /* ProfilePro-Medium.otf in Resources */,
				A10000032 /* ProfilePro-Bold.otf in Resources */,
			);
			runOnlyForDeploymentPostprocessing = 0;
		};
/* End PBXResourcesBuildPhase section */

/* Begin PBXSourcesBuildPhase section */
		F10000002 /* Sources */ = {
			isa = PBXSourcesBuildPhase;
			buildActionMask = 2147483647;
			files = (
				A10000001 /* EBankingApp.swift in Sources */,
				A10000002 /* Colors.swift in Sources */,
				A10000003 /* Spacing.swift in Sources */,
				A10000004 /* Typography.swift in Sources */,
				A10000005 /* Account.swift in Sources */,
				A10000006 /* Payment.swift in Sources */,
				A10000007 /* Recipient.swift in Sources */,
				A10000008 /* ActionButtonsRow.swift in Sources */,
				A10000009 /* BookingRow.swift in Sources */,
				A10000010 /* ListItemRow.swift in Sources */,
				A10000011 /* ProductListItem.swift in Sources */,
				A10000012 /* SectionCard.swift in Sources */,
				A10000013 /* MainTabView.swift in Sources */,
				A10000014 /* OverviewView.swift in Sources */,
				A10000015 /* AccountDetailView.swift in Sources */,
				A10000016 /* PaymentsView.swift in Sources */,
				A10000017 /* PaymentFlowView.swift in Sources */,
				A10000018 /* RecipientStepView.swift in Sources */,
				A10000019 /* AmountStepView.swift in Sources */,
				A10000020 /* ScheduleStepView.swift in Sources */,
				A10000021 /* SummaryStepView.swift in Sources */,
				A10000022 /* ConfirmationView.swift in Sources */,
				A10000023 /* ShowAllButton.swift in Sources */,
				A10000024 /* AccountCarousel.swift in Sources */,
				A10000025 /* CustomNavBar.swift in Sources */,
				A10000050 /* Theme.swift in Sources */,
				A10000051 /* SegmentedControl.swift in Sources */,
				A10000052 /* RecipientSearchStepView.swift in Sources */,
				A10000053 /* ProfileView.swift in Sources */,
				A10000054 /* ColorOverride.swift in Sources */,
				A10000055 /* ColorThemeEditor.swift in Sources */,
				A10000056 /* InternalTransfer.swift in Sources */,
				A10000057 /* InternalTransferView.swift in Sources */,
				A10000058 /* FieldStyles.swift in Sources */,
				A10000059 /* PickerSheets.swift in Sources */,
				A10000060 /* EdgeShadowScroll.swift in Sources */,
				A10000071 /* AllBookingsMonthMerge.swift in Sources */,
				A10000072 /* ForegroundScrimSheet.swift in Sources */,
				A10000073 /* BasicDialog.swift in Sources */,
				A10000074 /* TabBarCoordinator.swift in Sources */,
				A10000061 /* MoreActionsSheet.swift in Sources */,
				A10000062 /* PaymentDetailView.swift in Sources */,
				A10000063 /* AccountInformationView.swift in Sources */,
				A10000064 /* Investment.swift in Sources */,
				A10000065 /* PerformanceChart.swift in Sources */,
				A10000066 /* InvestmentProductDetailsView.swift in Sources */,
				A10000067 /* DetailsOfPositionView.swift in Sources */,
				A10000068 /* AllBookingsView.swift in Sources */,
				A10000069 /* ShareInformationView.swift in Sources */,
				A10000070 /* ScrollEdge.swift in Sources */,
			);
			runOnlyForDeploymentPostprocessing = 0;
		};
/* End PBXSourcesBuildPhase section */

/* Begin XCBuildConfiguration section */
		H10000001 /* Debug */ = {
			isa = XCBuildConfiguration;
			buildSettings = {
				ALWAYS_SEARCH_USER_PATHS = NO;
				ASSETCATALOG_COMPILER_GENERATE_SWIFT_ASSET_SYMBOL_EXTENSIONS = YES;
				CLANG_ANALYZER_NONNULL = YES;
				CLANG_ANALYZER_NUMBER_OBJECT_CONVERSION = YES_AGGRESSIVE;
				CLANG_CXX_LANGUAGE_STANDARD = "gnu++20";
				CLANG_ENABLE_MODULES = YES;
				CLANG_ENABLE_OBJC_ARC = YES;
				CLANG_ENABLE_OBJC_WEAK = YES;
				CLANG_WARN_BLOCK_CAPTURE_AUTORELEASING = YES;
				CLANG_WARN_BOOL_CONVERSION = YES;
				CLANG_WARN_COMMA = YES;
				CLANG_WARN_CONSTANT_CONVERSION = YES;
				CLANG_WARN_DEPRECATED_OBJC_IMPLEMENTATIONS = YES;
				CLANG_WARN_DIRECT_OBJC_ISA_USAGE = YES_ERROR;
				CLANG_WARN_DOCUMENTATION_COMMENTS = YES;
				CLANG_WARN_EMPTY_BODY = YES;
				CLANG_WARN_ENUM_CONVERSION = YES;
				CLANG_WARN_INFINITE_RECURSION = YES;
				CLANG_WARN_INT_CONVERSION = YES;
				CLANG_WARN_NON_LITERAL_NULL_CONVERSION = YES;
				CLANG_WARN_OBJC_IMPLICIT_RETAIN_SELF = YES;
				CLANG_WARN_OBJC_LITERAL_CONVERSION = YES;
				CLANG_WARN_OBJC_ROOT_CLASS = YES_ERROR;
				CLANG_WARN_QUOTED_INCLUDE_IN_FRAMEWORK_HEADER = YES;
				CLANG_WARN_RANGE_LOOP_ANALYSIS = YES;
				CLANG_WARN_STRICT_PROTOTYPES = YES;
				CLANG_WARN_SUSPICIOUS_MOVE = YES;
				CLANG_WARN_UNGUARDED_AVAILABILITY = YES_AGGRESSIVE;
				CLANG_WARN_UNREACHABLE_CODE = YES;
				CLANG_WARN__DUPLICATE_METHOD_MATCH = YES;
				COPY_PHASE_STRIP = NO;
				DEBUG_INFORMATION_FORMAT = dwarf;
				DEVELOPMENT_TEAM = TPP394MK6W;
				ENABLE_STRICT_OBJC_MSGSEND = YES;
				ENABLE_TESTABILITY = YES;
				ENABLE_USER_SCRIPT_SANDBOXING = YES;
				GCC_C_LANGUAGE_STANDARD = gnu17;
				GCC_DYNAMIC_NO_PIC = NO;
				GCC_NO_COMMON_BLOCKS = YES;
				GCC_OPTIMIZATION_LEVEL = 0;
				GCC_PREPROCESSOR_DEFINITIONS = (
					"DEBUG=1",
					"$(inherited)",
				);
				GCC_WARN_64_TO_32_BIT_CONVERSION = YES;
				GCC_WARN_ABOUT_RETURN_TYPE = YES_ERROR;
				GCC_WARN_UNDECLARED_SELECTOR = YES;
				GCC_WARN_UNINITIALIZED_AUTOS = YES_AGGRESSIVE;
				GCC_WARN_UNUSED_FUNCTION = YES;
				GCC_WARN_UNUSED_VARIABLE = YES;
				IPHONEOS_DEPLOYMENT_TARGET = 17.0;
				MTL_ENABLE_DEBUG_INFO = INCLUDE_SOURCE;
				MTL_FAST_MATH = YES;
				ONLY_ACTIVE_ARCH = YES;
				SDKROOT = iphoneos;
				STRING_CATALOG_GENERATE_SYMBOLS = YES;
				SWIFT_ACTIVE_COMPILATION_CONDITIONS = "DEBUG $(inherited)";
				SWIFT_OPTIMIZATION_LEVEL = "-Onone";
			};
			name = Debug;
		};
		H10000002 /* Release */ = {
			isa = XCBuildConfiguration;
			buildSettings = {
				ALWAYS_SEARCH_USER_PATHS = NO;
				ASSETCATALOG_COMPILER_GENERATE_SWIFT_ASSET_SYMBOL_EXTENSIONS = YES;
				CLANG_ANALYZER_NONNULL = YES;
				CLANG_ANALYZER_NUMBER_OBJECT_CONVERSION = YES_AGGRESSIVE;
				CLANG_CXX_LANGUAGE_STANDARD = "gnu++20";
				CLANG_ENABLE_MODULES = YES;
				CLANG_ENABLE_OBJC_ARC = YES;
				CLANG_ENABLE_OBJC_WEAK = YES;
				CLANG_WARN_BLOCK_CAPTURE_AUTORELEASING = YES;
				CLANG_WARN_BOOL_CONVERSION = YES;
				CLANG_WARN_COMMA = YES;
				CLANG_WARN_CONSTANT_CONVERSION = YES;
				CLANG_WARN_DEPRECATED_OBJC_IMPLEMENTATIONS = YES;
				CLANG_WARN_DIRECT_OBJC_ISA_USAGE = YES_ERROR;
				CLANG_WARN_DOCUMENTATION_COMMENTS = YES;
				CLANG_WARN_EMPTY_BODY = YES;
				CLANG_WARN_ENUM_CONVERSION = YES;
				CLANG_WARN_INFINITE_RECURSION = YES;
				CLANG_WARN_INT_CONVERSION = YES;
				CLANG_WARN_NON_LITERAL_NULL_CONVERSION = YES;
				CLANG_WARN_OBJC_IMPLICIT_RETAIN_SELF = YES;
				CLANG_WARN_OBJC_LITERAL_CONVERSION = YES;
				CLANG_WARN_OBJC_ROOT_CLASS = YES_ERROR;
				CLANG_WARN_QUOTED_INCLUDE_IN_FRAMEWORK_HEADER = YES;
				CLANG_WARN_RANGE_LOOP_ANALYSIS = YES;
				CLANG_WARN_STRICT_PROTOTYPES = YES;
				CLANG_WARN_SUSPICIOUS_MOVE = YES;
				CLANG_WARN_UNGUARDED_AVAILABILITY = YES_AGGRESSIVE;
				CLANG_WARN_UNREACHABLE_CODE = YES;
				CLANG_WARN__DUPLICATE_METHOD_MATCH = YES;
				COPY_PHASE_STRIP = NO;
				DEBUG_INFORMATION_FORMAT = "dwarf-with-dsym";
				DEVELOPMENT_TEAM = TPP394MK6W;
				ENABLE_NS_ASSERTIONS = NO;
				ENABLE_STRICT_OBJC_MSGSEND = YES;
				ENABLE_USER_SCRIPT_SANDBOXING = YES;
				GCC_C_LANGUAGE_STANDARD = gnu17;
				GCC_NO_COMMON_BLOCKS = YES;
				GCC_WARN_64_TO_32_BIT_CONVERSION = YES;
				GCC_WARN_ABOUT_RETURN_TYPE = YES_ERROR;
				GCC_WARN_UNDECLARED_SELECTOR = YES;
				GCC_WARN_UNINITIALIZED_AUTOS = YES_AGGRESSIVE;
				GCC_WARN_UNUSED_FUNCTION = YES;
				GCC_WARN_UNUSED_VARIABLE = YES;
				IPHONEOS_DEPLOYMENT_TARGET = 17.0;
				MTL_ENABLE_DEBUG_INFO = NO;
				MTL_FAST_MATH = YES;
				SDKROOT = iphoneos;
				STRING_CATALOG_GENERATE_SYMBOLS = YES;
				SWIFT_COMPILATION_MODE = wholemodule;
				VALIDATE_PRODUCT = YES;
			};
			name = Release;
		};
		H10000003 /* Debug */ = {
			isa = XCBuildConfiguration;
			buildSettings = {
				ASSETCATALOG_COMPILER_APPICON_NAME = AppIcon;
				CODE_SIGN_STYLE = Automatic;
				CURRENT_PROJECT_VERSION = 1;
				GENERATE_INFOPLIST_FILE = NO;
				INFOPLIST_FILE = EBanking/Info.plist;
				INFOPLIST_KEY_UIApplicationSceneManifest_Generation = NO;
				INFOPLIST_KEY_UIApplicationSupportsIndirectInputEvents = YES;
				INFOPLIST_KEY_UILaunchScreen_Generation = YES;
				INFOPLIST_KEY_UISupportedInterfaceOrientations = UIInterfaceOrientationPortrait;
				LD_RUNPATH_SEARCH_PATHS = (
					"$(inherited)",
					"@executable_path/Frameworks",
				);
				MARKETING_VERSION = 1.0;
				PRODUCT_BUNDLE_IDENTIFIER = com.ebanking.app;
				PRODUCT_NAME = "$(TARGET_NAME)";
				SWIFT_EMIT_LOC_STRINGS = YES;
				SWIFT_VERSION = 5.0;
				TARGETED_DEVICE_FAMILY = 1;
			};
			name = Debug;
		};
		H10000004 /* Release */ = {
			isa = XCBuildConfiguration;
			buildSettings = {
				ASSETCATALOG_COMPILER_APPICON_NAME = AppIcon;
				CODE_SIGN_STYLE = Automatic;
				CURRENT_PROJECT_VERSION = 1;
				GENERATE_INFOPLIST_FILE = NO;
				INFOPLIST_FILE = EBanking/Info.plist;
				INFOPLIST_KEY_UIApplicationSceneManifest_Generation = NO;
				INFOPLIST_KEY_UIApplicationSupportsIndirectInputEvents = YES;
				INFOPLIST_KEY_UILaunchScreen_Generation = YES;
				INFOPLIST_KEY_UISupportedInterfaceOrientations = UIInterfaceOrientationPortrait;
				LD_RUNPATH_SEARCH_PATHS = (
					"$(inherited)",
					"@executable_path/Frameworks",
				);
				MARKETING_VERSION = 1.0;
				PRODUCT_BUNDLE_IDENTIFIER = com.ebanking.app;
				PRODUCT_NAME = "$(TARGET_NAME)";
				SWIFT_EMIT_LOC_STRINGS = YES;
				SWIFT_VERSION = 5.0;
				TARGETED_DEVICE_FAMILY = 1;
			};
			name = Release;
		};
/* End XCBuildConfiguration section */

/* Begin XCConfigurationList section */
		G10000001 /* Build configuration list for PBXProject "EBanking" */ = {
			isa = XCConfigurationList;
			buildConfigurations = (
				H10000001 /* Debug */,
				H10000002 /* Release */,
			);
			defaultConfigurationIsVisible = 0;
			defaultConfigurationName = Release;
		};
		G10000003 /* Build configuration list for PBXNativeTarget "EBanking" */ = {
			isa = XCConfigurationList;
			buildConfigurations = (
				H10000003 /* Debug */,
				H10000004 /* Release */,
			);
			defaultConfigurationIsVisible = 0;
			defaultConfigurationName = Release;
		};
/* End XCConfigurationList section */
	};
	rootObject = F10000010 /* Project object */;
}
